
Microsoft Visual Studio Solution File, Format Version 12.00
Project("{2150E333-8FDC-42A3-9474-1A3956D46DE8}") = "AdapterPattern", "AdapterPattern", "{B028AD3B-41F4-422B-B4BC-F73562E3F4C7}"
EndProject
Project("{FAE04EC0-301F-11D3-BF4B-00C04F79EFBC}") = "GeoDataAdapter", "GeoDataAdapter\GeoDataAdapter.csproj", "{3F35E2C4-2B96-4C21-ADCC-7E8FCA7044D5}"
EndProject
Project("{FAE04EC0-301F-11D3-BF4B-00C04F79EFBC}") = "OriginalAdapter", "OriginalAdapter\OriginalAdapter.csproj", "{A21CA61A-E5CE-4401-9682-4D265128D582}"
EndProject
Project("{2150E333-8FDC-42A3-9474-1A3956D46DE8}") = "BridgePattern", "BridgePattern", "{E339B4F0-2972-437F-B746-87198A460D47}"
EndProject
Project("{FAE04EC0-301F-11D3-BF4B-00C04F79EFBC}") = "BridgeDeviceManagement", "BridgeDeviceManagement\BridgeDeviceManagement.csproj", "{F658F928-C2E5-43AE-938A-EF78204C79D1}"
EndProject
Global
	GlobalSection(SolutionConfigurationPlatforms) = preSolution
		Debug|Any CPU = Debug|Any CPU
		Release|Any CPU = Release|Any CPU
	EndGlobalSection
	GlobalSection(NestedProjects) = preSolution
		{3F35E2C4-2B96-4C21-ADCC-7E8FCA7044D5} = {B028AD3B-41F4-422B-B4BC-F73562E3F4C7}
		{A21CA61A-E5CE-4401-9682-4D265128D582} = {B028AD3B-41F4-422B-B4BC-F73562E3F4C7}
		{F658F928-C2E5-43AE-938A-EF78204C79D1} = {E339B4F0-2972-437F-B746-87198A460D47}
	EndGlobalSection
	GlobalSection(ProjectConfigurationPlatforms) = postSolution
		{3F35E2C4-2B96-4C21-ADCC-7E8FCA7044D5}.Debug|Any CPU.ActiveCfg = Debug|Any CPU
		{3F35E2C4-2B96-4C21-ADCC-7E8FCA7044D5}.Debug|Any CPU.Build.0 = Debug|Any CPU
		{3F35E2C4-2B96-4C21-ADCC-7E8FCA7044D5}.Release|Any CPU.ActiveCfg = Release|Any CPU
		{3F35E2C4-2B96-4C21-ADCC-7E8FCA7044D5}.Release|Any CPU.Build.0 = Release|Any CPU
		{A21CA61A-E5CE-4401-9682-4D265128D582}.Debug|Any CPU.ActiveCfg = Debug|Any CPU
		{A21CA61A-E5CE-4401-9682-4D265128D582}.Debug|Any CPU.Build.0 = Debug|Any CPU
		{A21CA61A-E5CE-4401-9682-4D265128D582}.Release|Any CPU.ActiveCfg = Release|Any CPU
		{A21CA61A-E5CE-4401-9682-4D265128D582}.Release|Any CPU.Build.0 = Release|Any CPU
		{F658F928-C2E5-43AE-938A-EF78204C79D1}.Debug|Any CPU.ActiveCfg = Debug|Any CPU
		{F658F928-C2E5-43AE-938A-EF78204C79D1}.Debug|Any CPU.Build.0 = Debug|Any CPU
		{F658F928-C2E5-43AE-938A-EF78204C79D1}.Release|Any CPU.ActiveCfg = Release|Any CPU
		{F658F928-C2E5-43AE-938A-EF78204C79D1}.Release|Any CPU.Build.0 = Release|Any CPU
	EndGlobalSection
EndGlobal
